{
  "name": "@metal-stack-cloud/api",
  "version": "0.1.11",
  "lockfileVersion": 2,
  "requires": true,
  "packages": {
    "": {
      "name": "@metal-stack-cloud/api",
      "version": "0.1.11",
      "license": "MIT",
      "dependencies": {
        "@bufbuild/connect-web": "^0.6.0",
        "@bufbuild/protobuf": "^1.0.0"
      },
      "devDependencies": {
        "typescript": "^4.9.4"
      }
    },
    "node_modules/@bufbuild/connect-web": {
      "version": "0.6.0",
      "resolved": "https://registry.npmjs.org/@bufbuild/connect-web/-/connect-web-0.6.0.tgz",
      "integrity": "sha512-dfiXt7ye/sC1MwBtCyR1XYZHjKvVpCxLP/HcnHYoa6POi+Ey1t058bCc14HdT2EpYEZYN7SW1M2tuZ5SnabmhA==",
      "peerDependencies": {
        "@bufbuild/protobuf": "^1.0.0"
      }
    },
    "node_modules/@bufbuild/protobuf": {
      "version": "1.0.0",
      "resolved": "https://registry.npmjs.org/@bufbuild/protobuf/-/protobuf-1.0.0.tgz",
      "integrity": "sha512-oH3jHBrZ6to8Qf4zLg7O8KqSY42kQZNBRXJRMp5uSi0mqE4L8NbyMnZHeOsbXmTb0xpptRyH11LfS+KeVhXzAA=="
    },
    "node_modules/typescript": {
      "version": "4.9.4",
      "resolved": "https://registry.npmjs.org/typescript/-/typescript-4.9.4.tgz",
      "integrity": "sha512-Uz+dTXYzxXXbsFpM86Wh3dKCxrQqUcVMxwU54orwlJjOpO3ao8L7j5lH+dWfTwgCwIuM9GQ2kvVotzYJMXTBZg==",
      "dev": true,
      "bin": {
        "tsc": "bin/tsc",
        "tsserver": "bin/tsserver"
      },
      "engines": {
        "node": ">=4.2.0"
      }
    }
  },
  "dependencies": {
    "@bufbuild/connect-web": {
      "version": "0.6.0",
      "resolved": "https://registry.npmjs.org/@bufbuild/connect-web/-/connect-web-0.6.0.tgz",
      "integrity": "sha512-dfiXt7ye/sC1MwBtCyR1XYZHjKvVpCxLP/HcnHYoa6POi+Ey1t058bCc14HdT2EpYEZYN7SW1M2tuZ5SnabmhA==",
      "requires": {}
    },
    "@bufbuild/protobuf": {
      "version": "1.0.0",
      "resolved": "https://registry.npmjs.org/@bufbuild/protobuf/-/protobuf-1.0.0.tgz",
      "integrity": "sha512-oH3jHBrZ6to8Qf4zLg7O8KqSY42kQZNBRXJRMp5uSi0mqE4L8NbyMnZHeOsbXmTb0xpptRyH11LfS+KeVhXzAA=="
    },
    "typescript": {
      "version": "4.9.4",
      "resolved": "https://registry.npmjs.org/typescript/-/typescript-4.9.4.tgz",
      "integrity": "sha512-Uz+dTXYzxXXbsFpM86Wh3dKCxrQqUcVMxwU54orwlJjOpO3ao8L7j5lH+dWfTwgCwIuM9GQ2kvVotzYJMXTBZg==",
      "dev": true
    }
  }
}
