{
  "name": "@metal-stack-cloud/api",
  "version": "0.5.9",
  "lockfileVersion": 3,
  "requires": true,
  "packages": {
    "": {
      "name": "@metal-stack-cloud/api",
      "version": "0.5.9",
      "license": "MIT",
      "dependencies": {
        "@bufbuild/connect-web": "^0.10.0",
        "@bufbuild/protobuf": "^1.2.1"
      },
      "devDependencies": {
        "typescript": "^5.1.3"
      }
    },
    "node_modules/@bufbuild/connect": {
      "version": "0.10.0",
      "resolved": "https://registry.npmjs.org/@bufbuild/connect/-/connect-0.10.0.tgz",
      "integrity": "sha512-psNHc7R0DDZ2Dl/HVPw1MF5hGMTEjnRROPSqs9YPCjy+ztCNF97wPOUH3S4Qud2nNw9Hn+vqZd+Y4v9G5J+d1A==",
      "peerDependencies": {
        "@bufbuild/protobuf": "^1.2.1"
      }
    },
    "node_modules/@bufbuild/connect-web": {
      "version": "0.10.0",
      "resolved": "https://registry.npmjs.org/@bufbuild/connect-web/-/connect-web-0.10.0.tgz",
      "integrity": "sha512-tPk7mpUNL/MZ9krx9P7LqvRIGDAC22JHZEvbuhKr7uf75EDBvr5dsgIqpBXK1VRlZ6mz4MtNheTzcAbxoyYq+Q==",
      "dependencies": {
        "@bufbuild/connect": "0.10.0"
      },
      "peerDependencies": {
        "@bufbuild/protobuf": "^1.2.1"
      }
    },
    "node_modules/@bufbuild/protobuf": {
      "version": "1.2.1",
      "resolved": "https://registry.npmjs.org/@bufbuild/protobuf/-/protobuf-1.2.1.tgz",
      "integrity": "sha512-cwwGvLGqvoaOZmoP5+i4v/rbW+rHkguvTehuZyM2p/xpmaNSdT2h3B7kHw33aiffv35t1XrYHIkdJSEkSEMJuA=="
    },
    "node_modules/typescript": {
      "version": "5.1.3",
      "resolved": "https://registry.npmjs.org/typescript/-/typescript-5.1.3.tgz",
      "integrity": "sha512-XH627E9vkeqhlZFQuL+UsyAXEnibT0kWR2FWONlr4sTjvxyJYnyefgrkyECLzM5NenmKzRAy2rR/OlYLA1HkZw==",
      "dev": true,
      "bin": {
        "tsc": "bin/tsc",
        "tsserver": "bin/tsserver"
      },
      "engines": {
        "node": ">=14.17"
      }
    }
  }
}
