{
  "name": "@metal-stack-cloud/api",
  "version": "0.1.12",
  "lockfileVersion": 2,
  "requires": true,
  "packages": {
    "": {
      "name": "@metal-stack-cloud/api",
      "version": "0.1.12",
      "license": "MIT",
      "dependencies": {
        "@bufbuild/connect-web": "^0.8.1",
        "@bufbuild/protobuf": "^1.0.0"
      },
      "devDependencies": {
        "typescript": "^4.9.5"
      }
    },
    "node_modules/@bufbuild/connect": {
      "version": "0.8.1",
      "resolved": "https://registry.npmjs.org/@bufbuild/connect/-/connect-0.8.1.tgz",
      "integrity": "sha512-cQA0jstYcLknJecTE7KbU4ePNBqiCNviBEcUCbFLve3x+vcSmtoH6jb8z39MeBqFy42ZoWhTGGc3RNCeOx2QUA==",
      "peerDependencies": {
        "@bufbuild/protobuf": "^1.0.0"
      }
    },
    "node_modules/@bufbuild/connect-web": {
      "version": "0.8.1",
      "resolved": "https://registry.npmjs.org/@bufbuild/connect-web/-/connect-web-0.8.1.tgz",
      "integrity": "sha512-gUaFFxnnDd/LjOST2AXn/YZLLJqRjkWQhufjx6B4rHqoIdGCtkoYMTxjFHVO7AqPkszBClxlaGzMf+7jBPmf9A==",
      "dependencies": {
        "@bufbuild/connect": "0.8.1"
      },
      "peerDependencies": {
        "@bufbuild/protobuf": "^1.0.0"
      }
    },
    "node_modules/@bufbuild/protobuf": {
      "version": "1.0.0",
      "resolved": "https://registry.npmjs.org/@bufbuild/protobuf/-/protobuf-1.0.0.tgz",
      "integrity": "sha512-oH3jHBrZ6to8Qf4zLg7O8KqSY42kQZNBRXJRMp5uSi0mqE4L8NbyMnZHeOsbXmTb0xpptRyH11LfS+KeVhXzAA=="
    },
    "node_modules/typescript": {
      "version": "4.9.5",
      "resolved": "https://registry.npmjs.org/typescript/-/typescript-4.9.5.tgz",
      "integrity": "sha512-1FXk9E2Hm+QzZQ7z+McJiHL4NW1F2EzMu9Nq9i3zAaGqibafqYwCVU6WyWAuyQRRzOlxou8xZSyXLEN8oKj24g==",
      "dev": true,
      "bin": {
        "tsc": "bin/tsc",
        "tsserver": "bin/tsserver"
      },
      "engines": {
        "node": ">=4.2.0"
      }
    }
  },
  "dependencies": {
    "@bufbuild/connect": {
      "version": "0.8.1",
      "resolved": "https://registry.npmjs.org/@bufbuild/connect/-/connect-0.8.1.tgz",
      "integrity": "sha512-cQA0jstYcLknJecTE7KbU4ePNBqiCNviBEcUCbFLve3x+vcSmtoH6jb8z39MeBqFy42ZoWhTGGc3RNCeOx2QUA==",
      "requires": {}
    },
    "@bufbuild/connect-web": {
      "version": "0.8.1",
      "resolved": "https://registry.npmjs.org/@bufbuild/connect-web/-/connect-web-0.8.1.tgz",
      "integrity": "sha512-gUaFFxnnDd/LjOST2AXn/YZLLJqRjkWQhufjx6B4rHqoIdGCtkoYMTxjFHVO7AqPkszBClxlaGzMf+7jBPmf9A==",
      "requires": {
        "@bufbuild/connect": "0.8.1"
      }
    },
    "@bufbuild/protobuf": {
      "version": "1.0.0",
      "resolved": "https://registry.npmjs.org/@bufbuild/protobuf/-/protobuf-1.0.0.tgz",
      "integrity": "sha512-oH3jHBrZ6to8Qf4zLg7O8KqSY42kQZNBRXJRMp5uSi0mqE4L8NbyMnZHeOsbXmTb0xpptRyH11LfS+KeVhXzAA=="
    },
    "typescript": {
      "version": "4.9.5",
      "resolved": "https://registry.npmjs.org/typescript/-/typescript-4.9.5.tgz",
      "integrity": "sha512-1FXk9E2Hm+QzZQ7z+McJiHL4NW1F2EzMu9Nq9i3zAaGqibafqYwCVU6WyWAuyQRRzOlxou8xZSyXLEN8oKj24g==",
      "dev": true
    }
  }
}
